
Microsoft Visual Studio Solution File, Format Version 12.00
# Visual Studio Version 17
VisualStudioVersion = 17.11.35431.28
MinimumVisualStudioVersion = 10.0.40219.1
Project("{9A19103F-16F7-4668-BE54-9A1E7A4F7556}") = "THPCore", "THPCore.csproj", "{FA230F01-59CC-4C7D-8EEF-3CA792262814}"
EndProject
Global
	GlobalSection(SolutionConfigurationPlatforms) = preSolution
		Debug|Any CPU = Debug|Any CPU
		Release|Any CPU = Release|Any CPU
	EndGlobalSection
	GlobalSection(ProjectConfigurationPlatforms) = postSolution
		{FA230F01-59CC-4C7D-8EEF-3CA792262814}.Debug|Any CPU.ActiveCfg = Debug|Any CPU
		{FA230F01-59CC-4C7D-8EEF-3CA792262814}.Debug|Any CPU.Build.0 = Debug|Any CPU
		{FA230F01-59CC-4C7D-8EEF-3CA792262814}.Release|Any CPU.ActiveCfg = Release|Any CPU
		{FA230F01-59CC-4C7D-8EEF-3CA792262814}.Release|Any CPU.Build.0 = Release|Any CPU
	EndGlobalSection
	GlobalSection(SolutionProperties) = preSolution
		HideSolutionNode = FALSE
	EndGlobalSection
	GlobalSection(ExtensibilityGlobals) = postSolution
		SolutionGuid = {7219ED59-0450-4455-BDA1-6813EDF3E73C}
	EndGlobalSection
EndGlobal
